
Microsoft Visual Studio Solution File, Format Version 12.00
# Visual Studio Version 17
VisualStudioVersion = 17.8.34601.278
MinimumVisualStudioVersion = 10.0.40219.1
Project("{FAE04EC0-301F-11D3-BF4B-00C04F79EFBC}") = "JenkinsDotNet8PoC", "JenkinsDotNet8PoC\JenkinsDotNet8PoC.csproj", "{5E508A2B-E633-4F2D-A1C1-4F0C82EF062D}"
EndProject
Global
	GlobalSection(SolutionConfigurationPlatforms) = preSolution
		Debug|Any CPU = Debug|Any CPU
		Release|Any CPU = Release|Any CPU
	EndGlobalSection
	GlobalSection(ProjectConfigurationPlatforms) = postSolution
		{5E508A2B-E633-4F2D-A1C1-4F0C82EF062D}.Debug|Any CPU.ActiveCfg = Debug|Any CPU
		{5E508A2B-E633-4F2D-A1C1-4F0C82EF062D}.Debug|Any CPU.Build.0 = Debug|Any CPU
		{5E508A2B-E633-4F2D-A1C1-4F0C82EF062D}.Release|Any CPU.ActiveCfg = Release|Any CPU
		{5E508A2B-E633-4F2D-A1C1-4F0C82EF062D}.Release|Any CPU.Build.0 = Release|Any CPU
	EndGlobalSection
	GlobalSection(SolutionProperties) = preSolution
		HideSolutionNode = FALSE
	EndGlobalSection
	GlobalSection(ExtensibilityGlobals) = postSolution
		SolutionGuid = {8242F812-B6CB-46E6-9C5E-982672C95E83}
	EndGlobalSection
EndGlobal
