
Microsoft Visual Studio Solution File, Format Version 12.00
# Visual Studio Version 17
VisualStudioVersion = 17.8.34601.278
MinimumVisualStudioVersion = 10.0.40219.1
Project("{FAE04EC0-301F-11D3-BF4B-00C04F79EFBC}") = "JenkinsDotNetPoC", "JenkinsDotNetPoC\JenkinsDotNetPoC.csproj", "{D442EACD-16D2-40BD-89FC-7B91E3BDA1F9}"
EndProject
Project("{FAE04EC0-301F-11D3-BF4B-00C04F79EFBC}") = "JenkinsDotNetPoCTest", "JenkinsDotNetPoCTest\JenkinsDotNetPoCTest.csproj", "{EA4CA750-17BD-4197-9E99-B2E21B67B899}"
EndProject
Global
	GlobalSection(SolutionConfigurationPlatforms) = preSolution
		Debug|Any CPU = Debug|Any CPU
		Release|Any CPU = Release|Any CPU
	EndGlobalSection
	GlobalSection(ProjectConfigurationPlatforms) = postSolution
		{D442EACD-16D2-40BD-89FC-7B91E3BDA1F9}.Debug|Any CPU.ActiveCfg = Debug|Any CPU
		{D442EACD-16D2-40BD-89FC-7B91E3BDA1F9}.Debug|Any CPU.Build.0 = Debug|Any CPU
		{D442EACD-16D2-40BD-89FC-7B91E3BDA1F9}.Release|Any CPU.ActiveCfg = Release|Any CPU
		{D442EACD-16D2-40BD-89FC-7B91E3BDA1F9}.Release|Any CPU.Build.0 = Release|Any CPU
		{EA4CA750-17BD-4197-9E99-B2E21B67B899}.Debug|Any CPU.ActiveCfg = Debug|Any CPU
		{EA4CA750-17BD-4197-9E99-B2E21B67B899}.Debug|Any CPU.Build.0 = Debug|Any CPU
		{EA4CA750-17BD-4197-9E99-B2E21B67B899}.Release|Any CPU.ActiveCfg = Release|Any CPU
		{EA4CA750-17BD-4197-9E99-B2E21B67B899}.Release|Any CPU.Build.0 = Release|Any CPU
	EndGlobalSection
	GlobalSection(SolutionProperties) = preSolution
		HideSolutionNode = FALSE
	EndGlobalSection
	GlobalSection(ExtensibilityGlobals) = postSolution
		SolutionGuid = {917F772F-D6F5-4DBC-82E9-668DE24645BC}
	EndGlobalSection
EndGlobal
